// !$*UTF8*$!
{
	archiveVersion = 1;
	classes = {
	};
	objectVersion = 46;
	objects = {

/* Begin PBXBuildFile section */
		A002738A1B7A519400425A65 /* NSMutableArray+kit.h in Headers */ = {isa = PBXBuildFile; fileRef = A00273881B7A519400425A65 /* NSMutableArray+kit.h */; };
		A002738B1B7A519400425A65 /* NSMutableArray+kit.m in Sources */ = {isa = PBXBuildFile; fileRef = A00273891B7A519400425A65 /* NSMutableArray+kit.m */; };
		A002CCD019DDD45B00A3F0B6 /* UIView+kit.h in Headers */ = {isa = PBXBuildFile; fileRef = A002CCCE19DDD45B00A3F0B6 /* UIView+kit.h */; };
		A002CCD119DDD45B00A3F0B6 /* UIView+kit.m in Sources */ = {isa = PBXBuildFile; fileRef = A002CCCF19DDD45B00A3F0B6 /* UIView+kit.m */; };
		A0254B931B6DEE7B00F2C367 /* NSDate+kit.h in Headers */ = {isa = PBXBuildFile; fileRef = A0254B911B6DEE7B00F2C367 /* NSDate+kit.h */; };
		A0254B941B6DEE7B00F2C367 /* NSDate+kit.m in Sources */ = {isa = PBXBuildFile; fileRef = A0254B921B6DEE7B00F2C367 /* NSDate+kit.m */; };
		A0254B971B6DEEF300F2C367 /* NSArray+kit.h in Headers */ = {isa = PBXBuildFile; fileRef = A0254B951B6DEEF300F2C367 /* NSArray+kit.h */; };
		A0254B981B6DEEF300F2C367 /* NSArray+kit.m in Sources */ = {isa = PBXBuildFile; fileRef = A0254B961B6DEEF300F2C367 /* NSArray+kit.m */; };
		A0254B9B1B6DEF9400F2C367 /* UIImage+kit.h in Headers */ = {isa = PBXBuildFile; fileRef = A0254B991B6DEF9400F2C367 /* UIImage+kit.h */; };
		A0254B9C1B6DEF9400F2C367 /* UIImage+kit.m in Sources */ = {isa = PBXBuildFile; fileRef = A0254B9A1B6DEF9400F2C367 /* UIImage+kit.m */; };
		A0254B9F1B6DF14B00F2C367 /* UITableViewCell+kit.h in Headers */ = {isa = PBXBuildFile; fileRef = A0254B9D1B6DF14B00F2C367 /* UITableViewCell+kit.h */; };
		A0254BA01B6DF14B00F2C367 /* UITableViewCell+kit.m in Sources */ = {isa = PBXBuildFile; fileRef = A0254B9E1B6DF14B00F2C367 /* UITableViewCell+kit.m */; };
		A02D4E2E1B832EF400427EB7 /* UIImageView+kit.h in Headers */ = {isa = PBXBuildFile; fileRef = A02D4E2C1B832EF400427EB7 /* UIImageView+kit.h */; };
		A02D4E2F1B832EF400427EB7 /* UIImageView+kit.m in Sources */ = {isa = PBXBuildFile; fileRef = A02D4E2D1B832EF400427EB7 /* UIImageView+kit.m */; };
		A050E03D19DB3F7400C0D7CF /* UITableViewHeaderFooterView+kit.h in Headers */ = {isa = PBXBuildFile; fileRef = A050E03B19DB3F7400C0D7CF /* UITableViewHeaderFooterView+kit.h */; };
		A050E03E19DB3F7400C0D7CF /* UITableViewHeaderFooterView+kit.m in Sources */ = {isa = PBXBuildFile; fileRef = A050E03C19DB3F7400C0D7CF /* UITableViewHeaderFooterView+kit.m */; };
		A053AADF19B135EC00E80E13 /* NSString+kit.h in Headers */ = {isa = PBXBuildFile; fileRef = A053AADD19B135EC00E80E13 /* NSString+kit.h */; };
		A053AAE019B135EC00E80E13 /* NSString+kit.m in Sources */ = {isa = PBXBuildFile; fileRef = A053AADE19B135EC00E80E13 /* NSString+kit.m */; };
		A053AAE319B1360900E80E13 /* UIColor+kit.h in Headers */ = {isa = PBXBuildFile; fileRef = A053AAE119B1360900E80E13 /* UIColor+kit.h */; };
		A0A47525169AACC70005FADA /* Foundation.framework in Frameworks */ = {isa = PBXBuildFile; fileRef = A0A47524169AACC70005FADA /* Foundation.framework */; };
		A0A4754F169AACF60005FADA /* UIScrollView+kit.m in Sources */ = {isa = PBXBuildFile; fileRef = A0A4754E169AACF60005FADA /* UIScrollView+kit.m */; };
		A0A4755A169AADCA0005FADA /* UIScrollView+kit.h in Headers */ = {isa = PBXBuildFile; fileRef = A0A4754D169AACF60005FADA /* UIScrollView+kit.h */; settings = {ATTRIBUTES = (Public, ); }; };
		A0F083BD19DF2B970050453F /* QANavigationViewController.h in Headers */ = {isa = PBXBuildFile; fileRef = A0F083BB19DF2B970050453F /* QANavigationViewController.h */; };
		A0F083BE19DF2B970050453F /* QANavigationViewController.m in Sources */ = {isa = PBXBuildFile; fileRef = A0F083BC19DF2B970050453F /* QANavigationViewController.m */; };
		A0F083C119E012B80050453F /* NSCache+kit.h in Headers */ = {isa = PBXBuildFile; fileRef = A0F083BF19E012B80050453F /* NSCache+kit.h */; };
		A0F083C219E012B80050453F /* NSCache+kit.m in Sources */ = {isa = PBXBuildFile; fileRef = A0F083C019E012B80050453F /* NSCache+kit.m */; };
		A0F083D819E016400050453F /* NSCacheTestCase.m in Sources */ = {isa = PBXBuildFile; fileRef = A0F083D719E016400050453F /* NSCacheTestCase.m */; };
		A0F083D919E016690050453F /* NSCache+kit.m in Sources */ = {isa = PBXBuildFile; fileRef = A0F083C019E012B80050453F /* NSCache+kit.m */; };
/* End PBXBuildFile section */

/* Begin PBXCopyFilesBuildPhase section */
		A0A4751F169AACC70005FADA /* CopyFiles */ = {
			isa = PBXCopyFilesBuildPhase;
			buildActionMask = 2147483647;
			dstPath = "include/${PRODUCT_NAME}";
			dstSubfolderSpec = 16;
			files = (
			);
			runOnlyForDeploymentPostprocessing = 0;
		};
/* End PBXCopyFilesBuildPhase section */

/* Begin PBXFileReference section */
		A00273881B7A519400425A65 /* NSMutableArray+kit.h */ = {isa = PBXFileReference; fileEncoding = 4; lastKnownFileType = sourcecode.c.h; path = "NSMutableArray+kit.h"; sourceTree = "<group>"; };
		A00273891B7A519400425A65 /* NSMutableArray+kit.m */ = {isa = PBXFileReference; fileEncoding = 4; lastKnownFileType = sourcecode.c.objc; path = "NSMutableArray+kit.m"; sourceTree = "<group>"; };
		A002CCCE19DDD45B00A3F0B6 /* UIView+kit.h */ = {isa = PBXFileReference; fileEncoding = 4; lastKnownFileType = sourcecode.c.h; path = "UIView+kit.h"; sourceTree = "<group>"; };
		A002CCCF19DDD45B00A3F0B6 /* UIView+kit.m */ = {isa = PBXFileReference; fileEncoding = 4; lastKnownFileType = sourcecode.c.objc; path = "UIView+kit.m"; sourceTree = "<group>"; };
		A0254B901B6DECBF00F2C367 /* QABits.h */ = {isa = PBXFileReference; lastKnownFileType = sourcecode.c.h; path = QABits.h; sourceTree = "<group>"; };
		A0254B911B6DEE7B00F2C367 /* NSDate+kit.h */ = {isa = PBXFileReference; fileEncoding = 4; lastKnownFileType = sourcecode.c.h; path = "NSDate+kit.h"; sourceTree = "<group>"; };
		A0254B921B6DEE7B00F2C367 /* NSDate+kit.m */ = {isa = PBXFileReference; fileEncoding = 4; lastKnownFileType = sourcecode.c.objc; path = "NSDate+kit.m"; sourceTree = "<group>"; };
		A0254B951B6DEEF300F2C367 /* NSArray+kit.h */ = {isa = PBXFileReference; fileEncoding = 4; lastKnownFileType = sourcecode.c.h; path = "NSArray+kit.h"; sourceTree = "<group>"; };
		A0254B961B6DEEF300F2C367 /* NSArray+kit.m */ = {isa = PBXFileReference; fileEncoding = 4; lastKnownFileType = sourcecode.c.objc; path = "NSArray+kit.m"; sourceTree = "<group>"; };
		A0254B991B6DEF9400F2C367 /* UIImage+kit.h */ = {isa = PBXFileReference; fileEncoding = 4; lastKnownFileType = sourcecode.c.h; path = "UIImage+kit.h"; sourceTree = "<group>"; };
		A0254B9A1B6DEF9400F2C367 /* UIImage+kit.m */ = {isa = PBXFileReference; fileEncoding = 4; lastKnownFileType = sourcecode.c.objc; path = "UIImage+kit.m"; sourceTree = "<group>"; };
		A0254B9D1B6DF14B00F2C367 /* UITableViewCell+kit.h */ = {isa = PBXFileReference; fileEncoding = 4; lastKnownFileType = sourcecode.c.h; path = "UITableViewCell+kit.h"; sourceTree = "<group>"; };
		A0254B9E1B6DF14B00F2C367 /* UITableViewCell+kit.m */ = {isa = PBXFileReference; fileEncoding = 4; lastKnownFileType = sourcecode.c.objc; path = "UITableViewCell+kit.m"; sourceTree = "<group>"; };
		A02D4E2C1B832EF400427EB7 /* UIImageView+kit.h */ = {isa = PBXFileReference; fileEncoding = 4; lastKnownFileType = sourcecode.c.h; path = "UIImageView+kit.h"; sourceTree = "<group>"; };
		A02D4E2D1B832EF400427EB7 /* UIImageView+kit.m */ = {isa = PBXFileReference; fileEncoding = 4; lastKnownFileType = sourcecode.c.objc; path = "UIImageView+kit.m"; sourceTree = "<group>"; };
		A050E03B19DB3F7400C0D7CF /* UITableViewHeaderFooterView+kit.h */ = {isa = PBXFileReference; fileEncoding = 4; lastKnownFileType = sourcecode.c.h; path = "UITableViewHeaderFooterView+kit.h"; sourceTree = "<group>"; };
		A050E03C19DB3F7400C0D7CF /* UITableViewHeaderFooterView+kit.m */ = {isa = PBXFileReference; fileEncoding = 4; lastKnownFileType = sourcecode.c.objc; path = "UITableViewHeaderFooterView+kit.m"; sourceTree = "<group>"; };
		A053AADD19B135EC00E80E13 /* NSString+kit.h */ = {isa = PBXFileReference; fileEncoding = 4; lastKnownFileType = sourcecode.c.h; path = "NSString+kit.h"; sourceTree = "<group>"; };
		A053AADE19B135EC00E80E13 /* NSString+kit.m */ = {isa = PBXFileReference; fileEncoding = 4; lastKnownFileType = sourcecode.c.objc; path = "NSString+kit.m"; sourceTree = "<group>"; };
		A053AAE119B1360900E80E13 /* UIColor+kit.h */ = {isa = PBXFileReference; fileEncoding = 4; lastKnownFileType = sourcecode.c.h; path = "UIColor+kit.h"; sourceTree = "<group>"; };
		A0A47521169AACC70005FADA /* libQAKit.a */ = {isa = PBXFileReference; explicitFileType = archive.ar; includeInIndex = 0; path = libQAKit.a; sourceTree = BUILT_PRODUCTS_DIR; };
		A0A47524169AACC70005FADA /* Foundation.framework */ = {isa = PBXFileReference; lastKnownFileType = wrapper.framework; name = Foundation.framework; path = System/Library/Frameworks/Foundation.framework; sourceTree = SDKROOT; };
		A0A47528169AACC70005FADA /* QAKit-Prefix.pch */ = {isa = PBXFileReference; lastKnownFileType = sourcecode.c.h; path = "QAKit-Prefix.pch"; sourceTree = "<group>"; };
		A0A47533169AACC70005FADA /* SenTestingKit.framework */ = {isa = PBXFileReference; lastKnownFileType = wrapper.framework; name = SenTestingKit.framework; path = Library/Frameworks/SenTestingKit.framework; sourceTree = DEVELOPER_DIR; };
		A0A47535169AACC70005FADA /* UIKit.framework */ = {isa = PBXFileReference; lastKnownFileType = wrapper.framework; name = UIKit.framework; path = Library/Frameworks/UIKit.framework; sourceTree = DEVELOPER_DIR; };
		A0A4754D169AACF60005FADA /* UIScrollView+kit.h */ = {isa = PBXFileReference; fileEncoding = 4; lastKnownFileType = sourcecode.c.h; path = "UIScrollView+kit.h"; sourceTree = "<group>"; };
		A0A4754E169AACF60005FADA /* UIScrollView+kit.m */ = {isa = PBXFileReference; fileEncoding = 4; lastKnownFileType = sourcecode.c.objc; path = "UIScrollView+kit.m"; sourceTree = "<group>"; };
		A0B8E4F61B74B63F00C2C77A /* QADispatch.h */ = {isa = PBXFileReference; lastKnownFileType = sourcecode.c.h; path = QADispatch.h; sourceTree = "<group>"; };
		A0F083BB19DF2B970050453F /* QANavigationViewController.h */ = {isa = PBXFileReference; fileEncoding = 4; lastKnownFileType = sourcecode.c.h; path = QANavigationViewController.h; sourceTree = "<group>"; };
		A0F083BC19DF2B970050453F /* QANavigationViewController.m */ = {isa = PBXFileReference; fileEncoding = 4; lastKnownFileType = sourcecode.c.objc; path = QANavigationViewController.m; sourceTree = "<group>"; };
		A0F083BF19E012B80050453F /* NSCache+kit.h */ = {isa = PBXFileReference; fileEncoding = 4; lastKnownFileType = sourcecode.c.h; path = "NSCache+kit.h"; sourceTree = "<group>"; };
		A0F083C019E012B80050453F /* NSCache+kit.m */ = {isa = PBXFileReference; fileEncoding = 4; lastKnownFileType = sourcecode.c.objc; path = "NSCache+kit.m"; sourceTree = "<group>"; };
		A0F083CC19E015FA0050453F /* QAKit Tests.xctest */ = {isa = PBXFileReference; explicitFileType = wrapper.cfbundle; includeInIndex = 0; path = "QAKit Tests.xctest"; sourceTree = BUILT_PRODUCTS_DIR; };
		A0F083CF19E015FA0050453F /* Info.plist */ = {isa = PBXFileReference; lastKnownFileType = text.plist.xml; path = Info.plist; sourceTree = "<group>"; };
		A0F083D719E016400050453F /* NSCacheTestCase.m */ = {isa = PBXFileReference; fileEncoding = 4; lastKnownFileType = sourcecode.c.objc; path = NSCacheTestCase.m; sourceTree = "<group>"; };
/* End PBXFileReference section */

/* Begin PBXFrameworksBuildPhase section */
		A0A4751E169AACC70005FADA /* Frameworks */ = {
			isa = PBXFrameworksBuildPhase;
			buildActionMask = 2147483647;
			files = (
				A0A47525169AACC70005FADA /* Foundation.framework in Frameworks */,
			);
			runOnlyForDeploymentPostprocessing = 0;
		};
		A0F083C919E015FA0050453F /* Frameworks */ = {
			isa = PBXFrameworksBuildPhase;
			buildActionMask = 2147483647;
			files = (
			);
			runOnlyForDeploymentPostprocessing = 0;
		};
/* End PBXFrameworksBuildPhase section */

/* Begin PBXGroup section */
		A053AADC19B135D500E80E13 /* NSFoundation */ = {
			isa = PBXGroup;
			children = (
				A0254B951B6DEEF300F2C367 /* NSArray+kit.h */,
				A0254B961B6DEEF300F2C367 /* NSArray+kit.m */,
				A0F083BF19E012B80050453F /* NSCache+kit.h */,
				A0F083C019E012B80050453F /* NSCache+kit.m */,
				A0254B911B6DEE7B00F2C367 /* NSDate+kit.h */,
				A0254B921B6DEE7B00F2C367 /* NSDate+kit.m */,
				A053AADD19B135EC00E80E13 /* NSString+kit.h */,
				A053AADE19B135EC00E80E13 /* NSString+kit.m */,
				A00273881B7A519400425A65 /* NSMutableArray+kit.h */,
				A00273891B7A519400425A65 /* NSMutableArray+kit.m */,
			);
			path = NSFoundation;
			sourceTree = "<group>";
		};
		A0A47516169AACC70005FADA = {
			isa = PBXGroup;
			children = (
				A0A47526169AACC70005FADA /* QAKit */,
				A0F083CD19E015FA0050453F /* QAKit Tests */,
				A0A47523169AACC70005FADA /* Frameworks */,
				A0A47522169AACC70005FADA /* Products */,
			);
			sourceTree = "<group>";
		};
		A0A47522169AACC70005FADA /* Products */ = {
			isa = PBXGroup;
			children = (
				A0A47521169AACC70005FADA /* libQAKit.a */,
				A0F083CC19E015FA0050453F /* QAKit Tests.xctest */,
			);
			name = Products;
			sourceTree = "<group>";
		};
		A0A47523169AACC70005FADA /* Frameworks */ = {
			isa = PBXGroup;
			children = (
				A0A47524169AACC70005FADA /* Foundation.framework */,
				A0A47533169AACC70005FADA /* SenTestingKit.framework */,
				A0A47535169AACC70005FADA /* UIKit.framework */,
			);
			name = Frameworks;
			sourceTree = "<group>";
		};
		A0A47526169AACC70005FADA /* QAKit */ = {
			isa = PBXGroup;
			children = (
				A053AADC19B135D500E80E13 /* NSFoundation */,
				A0A4754C169AACDF0005FADA /* UIKit */,
				A0A47527169AACC70005FADA /* Supporting Files */,
				A0254B901B6DECBF00F2C367 /* QABits.h */,
				A0B8E4F61B74B63F00C2C77A /* QADispatch.h */,
			);
			path = QAKit;
			sourceTree = "<group>";
		};
		A0A47527169AACC70005FADA /* Supporting Files */ = {
			isa = PBXGroup;
			children = (
				A0A47528169AACC70005FADA /* QAKit-Prefix.pch */,
			);
			name = "Supporting Files";
			sourceTree = "<group>";
		};
		A0A4754C169AACDF0005FADA /* UIKit */ = {
			isa = PBXGroup;
			children = (
				A053AAE119B1360900E80E13 /* UIColor+kit.h */,
				A0254B991B6DEF9400F2C367 /* UIImage+kit.h */,
				A0254B9A1B6DEF9400F2C367 /* UIImage+kit.m */,
				A0A4754D169AACF60005FADA /* UIScrollView+kit.h */,
				A0A4754E169AACF60005FADA /* UIScrollView+kit.m */,
				A0254B9D1B6DF14B00F2C367 /* UITableViewCell+kit.h */,
				A0254B9E1B6DF14B00F2C367 /* UITableViewCell+kit.m */,
				A050E03B19DB3F7400C0D7CF /* UITableViewHeaderFooterView+kit.h */,
				A050E03C19DB3F7400C0D7CF /* UITableViewHeaderFooterView+kit.m */,
				A002CCCE19DDD45B00A3F0B6 /* UIView+kit.h */,
				A002CCCF19DDD45B00A3F0B6 /* UIView+kit.m */,
				A0F083BB19DF2B970050453F /* QANavigationViewController.h */,
				A0F083BC19DF2B970050453F /* QANavigationViewController.m */,
				A02D4E2C1B832EF400427EB7 /* UIImageView+kit.h */,
				A02D4E2D1B832EF400427EB7 /* UIImageView+kit.m */,
			);
			path = UIKit;
			sourceTree = "<group>";
		};
		A0F083CD19E015FA0050453F /* QAKit Tests */ = {
			isa = PBXGroup;
			children = (
				A0F083D619E016400050453F /* NSFoundation */,
				A0F083CE19E015FA0050453F /* Supporting Files */,
			);
			path = "QAKit Tests";
			sourceTree = "<group>";
		};
		A0F083CE19E015FA0050453F /* Supporting Files */ = {
			isa = PBXGroup;
			children = (
				A0F083CF19E015FA0050453F /* Info.plist */,
			);
			name = "Supporting Files";
			sourceTree = "<group>";
		};
		A0F083D619E016400050453F /* NSFoundation */ = {
			isa = PBXGroup;
			children = (
				A0F083D719E016400050453F /* NSCacheTestCase.m */,
			);
			path = NSFoundation;
			sourceTree = "<group>";
		};
/* End PBXGroup section */

/* Begin PBXHeadersBuildPhase section */
		A0A47559169AADBE0005FADA /* Headers */ = {
			isa = PBXHeadersBuildPhase;
			buildActionMask = 2147483647;
			files = (
				A0254B971B6DEEF300F2C367 /* NSArray+kit.h in Headers */,
				A02D4E2E1B832EF400427EB7 /* UIImageView+kit.h in Headers */,
				A0254B9B1B6DEF9400F2C367 /* UIImage+kit.h in Headers */,
				A0A4755A169AADCA0005FADA /* UIScrollView+kit.h in Headers */,
				A0F083BD19DF2B970050453F /* QANavigationViewController.h in Headers */,
				A0F083C119E012B80050453F /* NSCache+kit.h in Headers */,
				A0254B9F1B6DF14B00F2C367 /* UITableViewCell+kit.h in Headers */,
				A002CCD019DDD45B00A3F0B6 /* UIView+kit.h in Headers */,
				A0254B931B6DEE7B00F2C367 /* NSDate+kit.h in Headers */,
				A053AAE319B1360900E80E13 /* UIColor+kit.h in Headers */,
				A050E03D19DB3F7400C0D7CF /* UITableViewHeaderFooterView+kit.h in Headers */,
				A053AADF19B135EC00E80E13 /* NSString+kit.h in Headers */,
				A002738A1B7A519400425A65 /* NSMutableArray+kit.h in Headers */,
			);
			runOnlyForDeploymentPostprocessing = 0;
		};
/* End PBXHeadersBuildPhase section */

/* Begin PBXNativeTarget section */
		A0A47520169AACC70005FADA /* QAKit */ = {
			isa = PBXNativeTarget;
			buildConfigurationList = A0A47546169AACC80005FADA /* Build configuration list for PBXNativeTarget "QAKit" */;
			buildPhases = (
				A0A4751D169AACC70005FADA /* Sources */,
				A0A4751E169AACC70005FADA /* Frameworks */,
				A0A4751F169AACC70005FADA /* CopyFiles */,
				A0A47559169AADBE0005FADA /* Headers */,
			);
			buildRules = (
			);
			dependencies = (
			);
			name = QAKit;
			productName = QAKit;
			productReference = A0A47521169AACC70005FADA /* libQAKit.a */;
			productType = "com.apple.product-type.library.static";
		};
		A0F083CB19E015FA0050453F /* QAKit Tests */ = {
			isa = PBXNativeTarget;
			buildConfigurationList = A0F083D219E015FA0050453F /* Build configuration list for PBXNativeTarget "QAKit Tests" */;
			buildPhases = (
				A0F083C819E015FA0050453F /* Sources */,
				A0F083C919E015FA0050453F /* Frameworks */,
				A0F083CA19E015FA0050453F /* Resources */,
			);
			buildRules = (
			);
			dependencies = (
			);
			name = "QAKit Tests";
			productName = "QAKit Tests";
			productReference = A0F083CC19E015FA0050453F /* QAKit Tests.xctest */;
			productType = "com.apple.product-type.bundle.unit-test";
		};
/* End PBXNativeTarget section */

/* Begin PBXProject section */
		A0A47518169AACC70005FADA /* Project object */ = {
			isa = PBXProject;
			attributes = {
				LastUpgradeCheck = 0450;
				ORGANIZATIONNAME = "Quentin Arnault";
				TargetAttributes = {
					A0F083CB19E015FA0050453F = {
						CreatedOnToolsVersion = 6.0.1;
					};
				};
			};
			buildConfigurationList = A0A4751B169AACC70005FADA /* Build configuration list for PBXProject "QAKit" */;
			compatibilityVersion = "Xcode 3.2";
			developmentRegion = English;
			hasScannedForEncodings = 0;
			knownRegions = (
				en,
			);
			mainGroup = A0A47516169AACC70005FADA;
			productRefGroup = A0A47522169AACC70005FADA /* Products */;
			projectDirPath = "";
			projectRoot = "";
			targets = (
				A0A47520169AACC70005FADA /* QAKit */,
				A0F083CB19E015FA0050453F /* QAKit Tests */,
			);
		};
/* End PBXProject section */

/* Begin PBXResourcesBuildPhase section */
		A0F083CA19E015FA0050453F /* Resources */ = {
			isa = PBXResourcesBuildPhase;
			buildActionMask = 2147483647;
			files = (
			);
			runOnlyForDeploymentPostprocessing = 0;
		};
/* End PBXResourcesBuildPhase section */

/* Begin PBXSourcesBuildPhase section */
		A0A4751D169AACC70005FADA /* Sources */ = {
			isa = PBXSourcesBuildPhase;
			buildActionMask = 2147483647;
			files = (
				A0254BA01B6DF14B00F2C367 /* UITableViewCell+kit.m in Sources */,
				A0F083BE19DF2B970050453F /* QANavigationViewController.m in Sources */,
				A053AAE019B135EC00E80E13 /* NSString+kit.m in Sources */,
				A0254B941B6DEE7B00F2C367 /* NSDate+kit.m in Sources */,
				A0254B981B6DEEF300F2C367 /* NSArray+kit.m in Sources */,
				A050E03E19DB3F7400C0D7CF /* UITableViewHeaderFooterView+kit.m in Sources */,
				A0A4754F169AACF60005FADA /* UIScrollView+kit.m in Sources */,
				A02D4E2F1B832EF400427EB7 /* UIImageView+kit.m in Sources */,
				A0254B9C1B6DEF9400F2C367 /* UIImage+kit.m in Sources */,
				A0F083C219E012B80050453F /* NSCache+kit.m in Sources */,
				A002CCD119DDD45B00A3F0B6 /* UIView+kit.m in Sources */,
				A002738B1B7A519400425A65 /* NSMutableArray+kit.m in Sources */,
			);
			runOnlyForDeploymentPostprocessing = 0;
		};
		A0F083C819E015FA0050453F /* Sources */ = {
			isa = PBXSourcesBuildPhase;
			buildActionMask = 2147483647;
			files = (
				A0F083D919E016690050453F /* NSCache+kit.m in Sources */,
				A0F083D819E016400050453F /* NSCacheTestCase.m in Sources */,
			);
			runOnlyForDeploymentPostprocessing = 0;
		};
/* End PBXSourcesBuildPhase section */

/* Begin XCBuildConfiguration section */
		A0A47544169AACC80005FADA /* Debug */ = {
			isa = XCBuildConfiguration;
			buildSettings = {
				ALWAYS_SEARCH_USER_PATHS = NO;
				CLANG_CXX_LANGUAGE_STANDARD = "gnu++0x";
				CLANG_CXX_LIBRARY = "libc++";
				CLANG_ENABLE_OBJC_ARC = YES;
				CLANG_WARN_EMPTY_BODY = YES;
				CLANG_WARN__DUPLICATE_METHOD_MATCH = YES;
				COPY_PHASE_STRIP = NO;
				GCC_C_LANGUAGE_STANDARD = gnu99;
				GCC_DYNAMIC_NO_PIC = NO;
				GCC_OPTIMIZATION_LEVEL = 0;
				GCC_PREPROCESSOR_DEFINITIONS = (
					"DEBUG=1",
					"$(inherited)",
				);
				GCC_SYMBOLS_PRIVATE_EXTERN = NO;
				GCC_WARN_ABOUT_RETURN_TYPE = YES;
				GCC_WARN_UNINITIALIZED_AUTOS = YES;
				GCC_WARN_UNUSED_VARIABLE = YES;
				IPHONEOS_DEPLOYMENT_TARGET = 6.0;
				ONLY_ACTIVE_ARCH = YES;
				SDKROOT = iphoneos;
			};
			name = Debug;
		};
		A0A47545169AACC80005FADA /* Release */ = {
			isa = XCBuildConfiguration;
			buildSettings = {
				ALWAYS_SEARCH_USER_PATHS = NO;
				CLANG_CXX_LANGUAGE_STANDARD = "gnu++0x";
				CLANG_CXX_LIBRARY = "libc++";
				CLANG_ENABLE_OBJC_ARC = YES;
				CLANG_WARN_EMPTY_BODY = YES;
				CLANG_WARN__DUPLICATE_METHOD_MATCH = YES;
				COPY_PHASE_STRIP = YES;
				GCC_C_LANGUAGE_STANDARD = gnu99;
				GCC_WARN_ABOUT_RETURN_TYPE = YES;
				GCC_WARN_UNINITIALIZED_AUTOS = YES;
				GCC_WARN_UNUSED_VARIABLE = YES;
				IPHONEOS_DEPLOYMENT_TARGET = 6.0;
				SDKROOT = iphoneos;
				VALIDATE_PRODUCT = YES;
			};
			name = Release;
		};
		A0A47547169AACC80005FADA /* Debug */ = {
			isa = XCBuildConfiguration;
			buildSettings = {
				DSTROOT = /tmp/QAKit.dst;
				GCC_PRECOMPILE_PREFIX_HEADER = YES;
				GCC_PREFIX_HEADER = "QAKit/QAKit-Prefix.pch";
				OTHER_LDFLAGS = "-ObjC";
				PRODUCT_NAME = "$(TARGET_NAME)";
				SKIP_INSTALL = YES;
			};
			name = Debug;
		};
		A0A47548169AACC80005FADA /* Release */ = {
			isa = XCBuildConfiguration;
			buildSettings = {
				DSTROOT = /tmp/QAKit.dst;
				GCC_PRECOMPILE_PREFIX_HEADER = YES;
				GCC_PREFIX_HEADER = "QAKit/QAKit-Prefix.pch";
				OTHER_LDFLAGS = "-ObjC";
				PRODUCT_NAME = "$(TARGET_NAME)";
				SKIP_INSTALL = YES;
			};
			name = Release;
		};
		A0F083D319E015FA0050453F /* Debug */ = {
			isa = XCBuildConfiguration;
			buildSettings = {
				CLANG_ENABLE_MODULES = YES;
				CLANG_WARN_BOOL_CONVERSION = YES;
				CLANG_WARN_CONSTANT_CONVERSION = YES;
				CLANG_WARN_DIRECT_OBJC_ISA_USAGE = YES_ERROR;
				CLANG_WARN_ENUM_CONVERSION = YES;
				CLANG_WARN_INT_CONVERSION = YES;
				CLANG_WARN_OBJC_ROOT_CLASS = YES_ERROR;
				CLANG_WARN_UNREACHABLE_CODE = YES;
				ENABLE_STRICT_OBJC_MSGSEND = YES;
				FRAMEWORK_SEARCH_PATHS = (
					"$(SDKROOT)/Developer/Library/Frameworks",
					"$(inherited)",
				);
				GCC_PREPROCESSOR_DEFINITIONS = (
					"DEBUG=1",
					"$(inherited)",
				);
				GCC_WARN_64_TO_32_BIT_CONVERSION = YES;
				GCC_WARN_ABOUT_RETURN_TYPE = YES_ERROR;
				GCC_WARN_UNDECLARED_SELECTOR = YES;
				GCC_WARN_UNINITIALIZED_AUTOS = YES_AGGRESSIVE;
				GCC_WARN_UNUSED_FUNCTION = YES;
				INFOPLIST_FILE = "QAKit Tests/Info.plist";
				IPHONEOS_DEPLOYMENT_TARGET = 8.0;
				LD_RUNPATH_SEARCH_PATHS = "$(inherited) @executable_path/Frameworks @loader_path/Frameworks";
				MTL_ENABLE_DEBUG_INFO = YES;
				PRODUCT_NAME = "$(TARGET_NAME)";
			};
			name = Debug;
		};
		A0F083D419E015FA0050453F /* Release */ = {
			isa = XCBuildConfiguration;
			buildSettings = {
				CLANG_ENABLE_MODULES = YES;
				CLANG_WARN_BOOL_CONVERSION = YES;
				CLANG_WARN_CONSTANT_CONVERSION = YES;
				CLANG_WARN_DIRECT_OBJC_ISA_USAGE = YES_ERROR;
				CLANG_WARN_ENUM_CONVERSION = YES;
				CLANG_WARN_INT_CONVERSION = YES;
				CLANG_WARN_OBJC_ROOT_CLASS = YES_ERROR;
				CLANG_WARN_UNREACHABLE_CODE = YES;
				ENABLE_NS_ASSERTIONS = NO;
				ENABLE_STRICT_OBJC_MSGSEND = YES;
				FRAMEWORK_SEARCH_PATHS = (
					"$(SDKROOT)/Developer/Library/Frameworks",
					"$(inherited)",
				);
				GCC_WARN_64_TO_32_BIT_CONVERSION = YES;
				GCC_WARN_ABOUT_RETURN_TYPE = YES_ERROR;
				GCC_WARN_UNDECLARED_SELECTOR = YES;
				GCC_WARN_UNINITIALIZED_AUTOS = YES_AGGRESSIVE;
				GCC_WARN_UNUSED_FUNCTION = YES;
				INFOPLIST_FILE = "QAKit Tests/Info.plist";
				IPHONEOS_DEPLOYMENT_TARGET = 8.0;
				LD_RUNPATH_SEARCH_PATHS = "$(inherited) @executable_path/Frameworks @loader_path/Frameworks";
				MTL_ENABLE_DEBUG_INFO = NO;
				PRODUCT_NAME = "$(TARGET_NAME)";
			};
			name = Release;
		};
/* End XCBuildConfiguration section */

/* Begin XCConfigurationList section */
		A0A4751B169AACC70005FADA /* Build configuration list for PBXProject "QAKit" */ = {
			isa = XCConfigurationList;
			buildConfigurations = (
				A0A47544169AACC80005FADA /* Debug */,
				A0A47545169AACC80005FADA /* Release */,
			);
			defaultConfigurationIsVisible = 0;
			defaultConfigurationName = Release;
		};
		A0A47546169AACC80005FADA /* Build configuration list for PBXNativeTarget "QAKit" */ = {
			isa = XCConfigurationList;
			buildConfigurations = (
				A0A47547169AACC80005FADA /* Debug */,
				A0A47548169AACC80005FADA /* Release */,
			);
			defaultConfigurationIsVisible = 0;
			defaultConfigurationName = Release;
		};
		A0F083D219E015FA0050453F /* Build configuration list for PBXNativeTarget "QAKit Tests" */ = {
			isa = XCConfigurationList;
			buildConfigurations = (
				A0F083D319E015FA0050453F /* Debug */,
				A0F083D419E015FA0050453F /* Release */,
			);
			defaultConfigurationIsVisible = 0;
			defaultConfigurationName = Release;
		};
/* End XCConfigurationList section */
	};
	rootObject = A0A47518169AACC70005FADA /* Project object */;
}
